{
  "name": "dm-bonn-sumory",
  "version": "1.0.0",
  "lockfileVersion": 3,
  "requires": true,
  "packages": {
    "": {
      "name": "dm-bonn-sumory",
      "version": "1.0.0",
      "dependencies": {
        "@fontsource/baloo-2": "^5.0.18",
        "degit": "^2.8.4"
      }
    },
    "node_modules/@fontsource/baloo-2": {
      "version": "5.0.18",
      "resolved": "https://registry.npmjs.org/@fontsource/baloo-2/-/baloo-2-5.0.18.tgz",
      "integrity": "sha512-+oIGQOocp1o7dfm5Be75wVVe9IeU5m+CcCDrnRR+p2EXN/meCCvJFtoMo/Q5tLdNtz7FRMe/yzy9NN+p88IsRg=="
    },
    "node_modules/degit": {
      "version": "2.8.4",
      "resolved": "https://registry.npmjs.org/degit/-/degit-2.8.4.tgz",
      "integrity": "sha512-vqYuzmSA5I50J882jd+AbAhQtgK6bdKUJIex1JNfEUPENCgYsxugzKVZlFyMwV4i06MmnV47/Iqi5Io86zf3Ng==",
      "bin": {
        "degit": "degit"
      },
      "engines": {
        "node": ">=8.0.0"
      }
    }
  }
}
